
Microsoft Visual Studio Solution File, Format Version 12.00
# Visual Studio 15
VisualStudioVersion = 15.0.27130.2020
MinimumVisualStudioVersion = 10.0.40219.1
Project("{FAE04EC0-301F-11D3-BF4B-00C04F79EFBC}") = "ProgettoUniversity", "ProgettoUniversity\ProgettoUniversity.csproj", "{A34745A4-DEC4-47A1-8D61-7B5915C74082}"
EndProject
Global
	GlobalSection(SolutionConfigurationPlatforms) = preSolution
		Debug|Any CPU = Debug|Any CPU
		Release|Any CPU = Release|Any CPU
	EndGlobalSection
	GlobalSection(ProjectConfigurationPlatforms) = postSolution
		{A34745A4-DEC4-47A1-8D61-7B5915C74082}.Debug|Any CPU.ActiveCfg = Debug|Any CPU
		{A34745A4-DEC4-47A1-8D61-7B5915C74082}.Debug|Any CPU.Build.0 = Debug|Any CPU
		{A34745A4-DEC4-47A1-8D61-7B5915C74082}.Release|Any CPU.ActiveCfg = Release|Any CPU
		{A34745A4-DEC4-47A1-8D61-7B5915C74082}.Release|Any CPU.Build.0 = Release|Any CPU
	EndGlobalSection
	GlobalSection(SolutionProperties) = preSolution
		HideSolutionNode = FALSE
	EndGlobalSection
	GlobalSection(ExtensibilityGlobals) = postSolution
		SolutionGuid = {FD0E1D93-21F2-4E89-A437-F2B053D3B488}
	EndGlobalSection
EndGlobal
